// !$*UTF8*$!
{
	archiveVersion = 1;
	classes = {
	};
	objectVersion = 46;
	objects = {

/* Begin PBXBuildFile section */
		EFF000C51BAA235600A6A3AE /* UILabel+FormattedText.swift in Sources */ = {isa = PBXBuildFile; fileRef = EFF000C41BAA235600A6A3AE /* UILabel+FormattedText.swift */; settings = {ASSET_TAGS = (); }; };
		EFFCF7AB1BA99A660096F07D /* AppDelegate.swift in Sources */ = {isa = PBXBuildFile; fileRef = EFFCF7AA1BA99A660096F07D /* AppDelegate.swift */; };
		EFFCF7AD1BA99A660096F07D /* ViewController.swift in Sources */ = {isa = PBXBuildFile; fileRef = EFFCF7AC1BA99A660096F07D /* ViewController.swift */; };
		EFFCF7B21BA99A660096F07D /* Assets.xcassets in Resources */ = {isa = PBXBuildFile; fileRef = EFFCF7B11BA99A660096F07D /* Assets.xcassets */; };
		EFFCF7B51BA99A660096F07D /* LaunchScreen.storyboard in Resources */ = {isa = PBXBuildFile; fileRef = EFFCF7B31BA99A660096F07D /* LaunchScreen.storyboard */; };
/* End PBXBuildFile section */

/* Begin PBXFileReference section */
		EFF000C41BAA235600A6A3AE /* UILabel+FormattedText.swift */ = {isa = PBXFileReference; fileEncoding = 4; lastKnownFileType = sourcecode.swift; name = "UILabel+FormattedText.swift"; path = "../../UILabel+FormattedText.swift"; sourceTree = "<group>"; };
		EFFCF7A71BA99A660096F07D /* UILabel+FormattedText.app */ = {isa = PBXFileReference; explicitFileType = wrapper.application; includeInIndex = 0; path = "UILabel+FormattedText.app"; sourceTree = BUILT_PRODUCTS_DIR; };
		EFFCF7AA1BA99A660096F07D /* AppDelegate.swift */ = {isa = PBXFileReference; lastKnownFileType = sourcecode.swift; path = AppDelegate.swift; sourceTree = "<group>"; };
		EFFCF7AC1BA99A660096F07D /* ViewController.swift */ = {isa = PBXFileReference; lastKnownFileType = sourcecode.swift; path = ViewController.swift; sourceTree = "<group>"; };
		EFFCF7B11BA99A660096F07D /* Assets.xcassets */ = {isa = PBXFileReference; lastKnownFileType = folder.assetcatalog; path = Assets.xcassets; sourceTree = "<group>"; };
		EFFCF7B41BA99A660096F07D /* Base */ = {isa = PBXFileReference; lastKnownFileType = file.storyboard; name = Base; path = Base.lproj/LaunchScreen.storyboard; sourceTree = "<group>"; };
		EFFCF7B61BA99A660096F07D /* Info.plist */ = {isa = PBXFileReference; lastKnownFileType = text.plist.xml; path = Info.plist; sourceTree = "<group>"; };
/* End PBXFileReference section */

/* Begin PBXFrameworksBuildPhase section */
		EFFCF7A41BA99A660096F07D /* Frameworks */ = {
			isa = PBXFrameworksBuildPhase;
			buildActionMask = 2147483647;
			files = (
			);
			runOnlyForDeploymentPostprocessing = 0;
		};
/* End PBXFrameworksBuildPhase section */

/* Begin PBXGroup section */
		EFFCF79E1BA99A660096F07D = {
			isa = PBXGroup;
			children = (
				EFFCF7A91BA99A660096F07D /* UILabel+FormattedText */,
				EFFCF7A81BA99A660096F07D /* Products */,
			);
			sourceTree = "<group>";
		};
		EFFCF7A81BA99A660096F07D /* Products */ = {
			isa = PBXGroup;
			children = (
				EFFCF7A71BA99A660096F07D /* UILabel+FormattedText.app */,
			);
			name = Products;
			sourceTree = "<group>";
		};
		EFFCF7A91BA99A660096F07D /* UILabel+FormattedText */ = {
			isa = PBXGroup;
			children = (
				EFFCF7AA1BA99A660096F07D /* AppDelegate.swift */,
				EFFCF7AC1BA99A660096F07D /* ViewController.swift */,
				EFF000C41BAA235600A6A3AE /* UILabel+FormattedText.swift */,
				EFFCF7B11BA99A660096F07D /* Assets.xcassets */,
				EFFCF7B31BA99A660096F07D /* LaunchScreen.storyboard */,
				EFFCF7B61BA99A660096F07D /* Info.plist */,
			);
			path = "UILabel+FormattedText";
			sourceTree = "<group>";
		};
/* End PBXGroup section */

/* Begin PBXNativeTarget section */
		EFFCF7A61BA99A660096F07D /* UILabel+FormattedText */ = {
			isa = PBXNativeTarget;
			buildConfigurationList = EFFCF7B91BA99A660096F07D /* Build configuration list for PBXNativeTarget "UILabel+FormattedText" */;
			buildPhases = (
				EFFCF7A31BA99A660096F07D /* Sources */,
				EFFCF7A41BA99A660096F07D /* Frameworks */,
				EFFCF7A51BA99A660096F07D /* Resources */,
			);
			buildRules = (
			);
			dependencies = (
			);
			name = "UILabel+FormattedText";
			productName = "UILabel+FormattedText";
			productReference = EFFCF7A71BA99A660096F07D /* UILabel+FormattedText.app */;
			productType = "com.apple.product-type.application";
		};
/* End PBXNativeTarget section */

/* Begin PBXProject section */
		EFFCF79F1BA99A660096F07D /* Project object */ = {
			isa = PBXProject;
			attributes = {
				LastUpgradeCheck = 0700;
				TargetAttributes = {
					EFFCF7A61BA99A660096F07D = {
						CreatedOnToolsVersion = 7.0;
					};
				};
			};
			buildConfigurationList = EFFCF7A21BA99A660096F07D /* Build configuration list for PBXProject "UILabel+FormattedText" */;
			compatibilityVersion = "Xcode 3.2";
			developmentRegion = English;
			hasScannedForEncodings = 0;
			knownRegions = (
				en,
				Base,
			);
			mainGroup = EFFCF79E1BA99A660096F07D;
			productRefGroup = EFFCF7A81BA99A660096F07D /* Products */;
			projectDirPath = "";
			projectRoot = "";
			targets = (
				EFFCF7A61BA99A660096F07D /* UILabel+FormattedText */,
			);
		};
/* End PBXProject section */

/* Begin PBXResourcesBuildPhase section */
		EFFCF7A51BA99A660096F07D /* Resources */ = {
			isa = PBXResourcesBuildPhase;
			buildActionMask = 2147483647;
			files = (
				EFFCF7B51BA99A660096F07D /* LaunchScreen.storyboard in Resources */,
				EFFCF7B21BA99A660096F07D /* Assets.xcassets in Resources */,
			);
			runOnlyForDeploymentPostprocessing = 0;
		};
/* End PBXResourcesBuildPhase section */

/* Begin PBXSourcesBuildPhase section */
		EFFCF7A31BA99A660096F07D /* Sources */ = {
			isa = PBXSourcesBuildPhase;
			buildActionMask = 2147483647;
			files = (
				EFFCF7AD1BA99A660096F07D /* ViewController.swift in Sources */,
				EFF000C51BAA235600A6A3AE /* UILabel+FormattedText.swift in Sources */,
				EFFCF7AB1BA99A660096F07D /* AppDelegate.swift in Sources */,
			);
			runOnlyForDeploymentPostprocessing = 0;
		};
/* End PBXSourcesBuildPhase section */

/* Begin PBXVariantGroup section */
		EFFCF7B31BA99A660096F07D /* LaunchScreen.storyboard */ = {
			isa = PBXVariantGroup;
			children = (
				EFFCF7B41BA99A660096F07D /* Base */,
			);
			name = LaunchScreen.storyboard;
			sourceTree = "<group>";
		};
/* End PBXVariantGroup section */

/* Begin XCBuildConfiguration section */
		EFFCF7B71BA99A660096F07D /* Debug */ = {
			isa = XCBuildConfiguration;
			buildSettings = {
				ALWAYS_SEARCH_USER_PATHS = NO;
				CLANG_CXX_LANGUAGE_STANDARD = "gnu++0x";
				CLANG_CXX_LIBRARY = "libc++";
				CLANG_ENABLE_MODULES = YES;
				CLANG_ENABLE_OBJC_ARC = YES;
				CLANG_WARN_BOOL_CONVERSION = YES;
				CLANG_WARN_CONSTANT_CONVERSION = YES;
				CLANG_WARN_DIRECT_OBJC_ISA_USAGE = YES_ERROR;
				CLANG_WARN_EMPTY_BODY = YES;
				CLANG_WARN_ENUM_CONVERSION = YES;
				CLANG_WARN_INT_CONVERSION = YES;
				CLANG_WARN_OBJC_ROOT_CLASS = YES_ERROR;
				CLANG_WARN_UNREACHABLE_CODE = YES;
				CLANG_WARN__DUPLICATE_METHOD_MATCH = YES;
				"CODE_SIGN_IDENTITY[sdk=iphoneos*]" = "iPhone Developer";
				COPY_PHASE_STRIP = NO;
				DEBUG_INFORMATION_FORMAT = dwarf;
				ENABLE_STRICT_OBJC_MSGSEND = YES;
				ENABLE_TESTABILITY = YES;
				GCC_C_LANGUAGE_STANDARD = gnu99;
				GCC_DYNAMIC_NO_PIC = NO;
				GCC_NO_COMMON_BLOCKS = YES;
				GCC_OPTIMIZATION_LEVEL = 0;
				GCC_PREPROCESSOR_DEFINITIONS = (
					"DEBUG=1",
					"$(inherited)",
				);
				GCC_WARN_64_TO_32_BIT_CONVERSION = YES;
				GCC_WARN_ABOUT_RETURN_TYPE = YES_ERROR;
				GCC_WARN_UNDECLARED_SELECTOR = YES;
				GCC_WARN_UNINITIALIZED_AUTOS = YES_AGGRESSIVE;
				GCC_WARN_UNUSED_FUNCTION = YES;
				GCC_WARN_UNUSED_VARIABLE = YES;
				IPHONEOS_DEPLOYMENT_TARGET = 9.0;
				MTL_ENABLE_DEBUG_INFO = YES;
				ONLY_ACTIVE_ARCH = YES;
				SDKROOT = iphoneos;
				SWIFT_OPTIMIZATION_LEVEL = "-Onone";
			};
			name = Debug;
		};
		EFFCF7B81BA99A660096F07D /* Release */ = {
			isa = XCBuildConfiguration;
			buildSettings = {
				ALWAYS_SEARCH_USER_PATHS = NO;
				CLANG_CXX_LANGUAGE_STANDARD = "gnu++0x";
				CLANG_CXX_LIBRARY = "libc++";
				CLANG_ENABLE_MODULES = YES;
				CLANG_ENABLE_OBJC_ARC = YES;
				CLANG_WARN_BOOL_CONVERSION = YES;
				CLANG_WARN_CONSTANT_CONVERSION = YES;
				CLANG_WARN_DIRECT_OBJC_ISA_USAGE = YES_ERROR;
				CLANG_WARN_EMPTY_BODY = YES;
				CLANG_WARN_ENUM_CONVERSION = YES;
				CLANG_WARN_INT_CONVERSION = YES;
				CLANG_WARN_OBJC_ROOT_CLASS = YES_ERROR;
				CLANG_WARN_UNREACHABLE_CODE = YES;
				CLANG_WARN__DUPLICATE_METHOD_MATCH = YES;
				"CODE_SIGN_IDENTITY[sdk=iphoneos*]" = "iPhone Developer";
				COPY_PHASE_STRIP = NO;
				DEBUG_INFORMATION_FORMAT = "dwarf-with-dsym";
				ENABLE_NS_ASSERTIONS = NO;
				ENABLE_STRICT_OBJC_MSGSEND = YES;
				GCC_C_LANGUAGE_STANDARD = gnu99;
				GCC_NO_COMMON_BLOCKS = YES;
				GCC_WARN_64_TO_32_BIT_CONVERSION = YES;
				GCC_WARN_ABOUT_RETURN_TYPE = YES_ERROR;
				GCC_WARN_UNDECLARED_SELECTOR = YES;
				GCC_WARN_UNINITIALIZED_AUTOS = YES_AGGRESSIVE;
				GCC_WARN_UNUSED_FUNCTION = YES;
				GCC_WARN_UNUSED_VARIABLE = YES;
				IPHONEOS_DEPLOYMENT_TARGET = 9.0;
				MTL_ENABLE_DEBUG_INFO = NO;
				SDKROOT = iphoneos;
				VALIDATE_PRODUCT = YES;
			};
			name = Release;
		};
		EFFCF7BA1BA99A660096F07D /* Debug */ = {
			isa = XCBuildConfiguration;
			buildSettings = {
				ASSETCATALOG_COMPILER_APPICON_NAME = AppIcon;
				INFOPLIST_FILE = "UILabel+FormattedText/Info.plist";
				LD_RUNPATH_SEARCH_PATHS = "$(inherited) @executable_path/Frameworks";
				PRODUCT_BUNDLE_IDENTIFIER = "none.UILabel-FormattedText";
				PRODUCT_NAME = "$(TARGET_NAME)";
			};
			name = Debug;
		};
		EFFCF7BB1BA99A660096F07D /* Release */ = {
			isa = XCBuildConfiguration;
			buildSettings = {
				ASSETCATALOG_COMPILER_APPICON_NAME = AppIcon;
				INFOPLIST_FILE = "UILabel+FormattedText/Info.plist";
				LD_RUNPATH_SEARCH_PATHS = "$(inherited) @executable_path/Frameworks";
				PRODUCT_BUNDLE_IDENTIFIER = "none.UILabel-FormattedText";
				PRODUCT_NAME = "$(TARGET_NAME)";
			};
			name = Release;
		};
/* End XCBuildConfiguration section */

/* Begin XCConfigurationList section */
		EFFCF7A21BA99A660096F07D /* Build configuration list for PBXProject "UILabel+FormattedText" */ = {
			isa = XCConfigurationList;
			buildConfigurations = (
				EFFCF7B71BA99A660096F07D /* Debug */,
				EFFCF7B81BA99A660096F07D /* Release */,
			);
			defaultConfigurationIsVisible = 0;
			defaultConfigurationName = Release;
		};
		EFFCF7B91BA99A660096F07D /* Build configuration list for PBXNativeTarget "UILabel+FormattedText" */ = {
			isa = XCConfigurationList;
			buildConfigurations = (
				EFFCF7BA1BA99A660096F07D /* Debug */,
				EFFCF7BB1BA99A660096F07D /* Release */,
			);
			defaultConfigurationIsVisible = 0;
			defaultConfigurationName = Release;
		};
/* End XCConfigurationList section */
	};
	rootObject = EFFCF79F1BA99A660096F07D /* Project object */;
}
